
Microsoft Visual Studio Solution File, Format Version 12.00
# Visual Studio 15
VisualStudioVersion = 15.0.28010.2046
MinimumVisualStudioVersion = 10.0.40219.1
Project("{FAE04EC0-301F-11D3-BF4B-00C04F79EFBC}") = "DurableFunctions", "DurableFunctions\DurableFunctions.csproj", "{2AD0370D-1BFB-42E6-ADF0-F4971E0F23C8}"
EndProject
Project("{9A19103F-16F7-4668-BE54-9A1E7A4F7556}") = "WebJobs.Extensions.DurableTask", "WebJobs.Extensions.DurableTask\WebJobs.Extensions.DurableTask.csproj", "{4A9385AC-FD11-40D1-A813-794ECA6151BA}"
EndProject
Global
	GlobalSection(SolutionConfigurationPlatforms) = preSolution
		Debug|Any CPU = Debug|Any CPU
		Release|Any CPU = Release|Any CPU
	EndGlobalSection
	GlobalSection(ProjectConfigurationPlatforms) = postSolution
		{2AD0370D-1BFB-42E6-ADF0-F4971E0F23C8}.Debug|Any CPU.ActiveCfg = Debug|Any CPU
		{2AD0370D-1BFB-42E6-ADF0-F4971E0F23C8}.Debug|Any CPU.Build.0 = Debug|Any CPU
		{2AD0370D-1BFB-42E6-ADF0-F4971E0F23C8}.Release|Any CPU.ActiveCfg = Release|Any CPU
		{2AD0370D-1BFB-42E6-ADF0-F4971E0F23C8}.Release|Any CPU.Build.0 = Release|Any CPU
		{4A9385AC-FD11-40D1-A813-794ECA6151BA}.Debug|Any CPU.ActiveCfg = Debug|Any CPU
		{4A9385AC-FD11-40D1-A813-794ECA6151BA}.Debug|Any CPU.Build.0 = Debug|Any CPU
		{4A9385AC-FD11-40D1-A813-794ECA6151BA}.Release|Any CPU.ActiveCfg = Release|Any CPU
		{4A9385AC-FD11-40D1-A813-794ECA6151BA}.Release|Any CPU.Build.0 = Release|Any CPU
	EndGlobalSection
	GlobalSection(SolutionProperties) = preSolution
		HideSolutionNode = FALSE
	EndGlobalSection
	GlobalSection(ExtensibilityGlobals) = postSolution
		SolutionGuid = {6E47AC7B-9260-45A2-B877-3FEB3E2E11D3}
	EndGlobalSection
EndGlobal
